
Microsoft Visual Studio Solution File, Format Version 12.00
# Visual Studio Version 17
VisualStudioVersion = 17.3.32929.385
MinimumVisualStudioVersion = 10.0.40219.1
Project("{9A19103F-16F7-4668-BE54-9A1E7A4F7556}") = "EntityLayer", "EntityLayer\EntityLayer.csproj", "{13F74E65-1C40-4D9F-80B3-964B108C801E}"
EndProject
Project("{9A19103F-16F7-4668-BE54-9A1E7A4F7556}") = "DataAccessLayer", "DataAccessLayer\DataAccessLayer.csproj", "{79926531-68CE-4C23-9EDC-485A60BA9CAE}"
EndProject
Project("{9A19103F-16F7-4668-BE54-9A1E7A4F7556}") = "BusinessLayer", "BusinessLayer\BusinessLayer.csproj", "{5D8B9B0A-00DD-404D-863E-43E366E6372C}"
EndProject
Project("{FAE04EC0-301F-11D3-BF4B-00C04F79EFBC}") = "ECommerce", "ECommerce\ECommerce.csproj", "{EBD3A788-95E6-4040-94CC-96CEEF628A62}"
EndProject
Global
	GlobalSection(SolutionConfigurationPlatforms) = preSolution
		Debug|Any CPU = Debug|Any CPU
		Release|Any CPU = Release|Any CPU
	EndGlobalSection
	GlobalSection(ProjectConfigurationPlatforms) = postSolution
		{13F74E65-1C40-4D9F-80B3-964B108C801E}.Debug|Any CPU.ActiveCfg = Debug|Any CPU
		{13F74E65-1C40-4D9F-80B3-964B108C801E}.Debug|Any CPU.Build.0 = Debug|Any CPU
		{13F74E65-1C40-4D9F-80B3-964B108C801E}.Release|Any CPU.ActiveCfg = Release|Any CPU
		{13F74E65-1C40-4D9F-80B3-964B108C801E}.Release|Any CPU.Build.0 = Release|Any CPU
		{79926531-68CE-4C23-9EDC-485A60BA9CAE}.Debug|Any CPU.ActiveCfg = Debug|Any CPU
		{79926531-68CE-4C23-9EDC-485A60BA9CAE}.Debug|Any CPU.Build.0 = Debug|Any CPU
		{79926531-68CE-4C23-9EDC-485A60BA9CAE}.Release|Any CPU.ActiveCfg = Release|Any CPU
		{79926531-68CE-4C23-9EDC-485A60BA9CAE}.Release|Any CPU.Build.0 = Release|Any CPU
		{5D8B9B0A-00DD-404D-863E-43E366E6372C}.Debug|Any CPU.ActiveCfg = Debug|Any CPU
		{5D8B9B0A-00DD-404D-863E-43E366E6372C}.Debug|Any CPU.Build.0 = Debug|Any CPU
		{5D8B9B0A-00DD-404D-863E-43E366E6372C}.Release|Any CPU.ActiveCfg = Release|Any CPU
		{5D8B9B0A-00DD-404D-863E-43E366E6372C}.Release|Any CPU.Build.0 = Release|Any CPU
		{EBD3A788-95E6-4040-94CC-96CEEF628A62}.Debug|Any CPU.ActiveCfg = Debug|Any CPU
		{EBD3A788-95E6-4040-94CC-96CEEF628A62}.Debug|Any CPU.Build.0 = Debug|Any CPU
		{EBD3A788-95E6-4040-94CC-96CEEF628A62}.Release|Any CPU.ActiveCfg = Release|Any CPU
		{EBD3A788-95E6-4040-94CC-96CEEF628A62}.Release|Any CPU.Build.0 = Release|Any CPU
	EndGlobalSection
	GlobalSection(SolutionProperties) = preSolution
		HideSolutionNode = FALSE
	EndGlobalSection
	GlobalSection(ExtensibilityGlobals) = postSolution
		SolutionGuid = {A057844C-4093-4AF5-94BB-F8868F0F0FCA}
	EndGlobalSection
EndGlobal
